
Microsoft Visual Studio Solution File, Format Version 11.00
# Visual Studio 2010
Project("{54435603-DBB4-11D2-8724-00A0C9A8B90C}") = "Visual Statechart Installer", "Visual Statechart Installer\Visual Statechart Installer.vdproj", "{22F15089-83C6-4CF2-AAF7-57065F66C5AB}"
EndProject
Global
	GlobalSection(SolutionConfigurationPlatforms) = preSolution
		Debug|Default = Debug|Default
		Release|Default = Release|Default
	EndGlobalSection
	GlobalSection(ProjectConfigurationPlatforms) = postSolution
		{22F15089-83C6-4CF2-AAF7-57065F66C5AB}.Debug|Default.ActiveCfg = Debug
		{22F15089-83C6-4CF2-AAF7-57065F66C5AB}.Debug|Default.Build.0 = Debug
		{22F15089-83C6-4CF2-AAF7-57065F66C5AB}.Release|Default.ActiveCfg = Release
		{22F15089-83C6-4CF2-AAF7-57065F66C5AB}.Release|Default.Build.0 = Release
	EndGlobalSection
	GlobalSection(SolutionProperties) = preSolution
		HideSolutionNode = FALSE
	EndGlobalSection
EndGlobal
