
Microsoft Visual Studio Solution File, Format Version 11.00
# Visual Studio 2010
Project("{54435603-DBB4-11D2-8724-00A0C9A8B90C}") = "VisualStateChartInstaller", "VisualStateChartInstaller\VisualStateChartInstaller.vdproj", "{E856FB03-A239-45C2-95AF-FD521E15A22B}"
EndProject
Global
	GlobalSection(SolutionConfigurationPlatforms) = preSolution
		Debug|Default = Debug|Default
		Release|Default = Release|Default
	EndGlobalSection
	GlobalSection(ProjectConfigurationPlatforms) = postSolution
		{E856FB03-A239-45C2-95AF-FD521E15A22B}.Debug|Default.ActiveCfg = Debug
		{E856FB03-A239-45C2-95AF-FD521E15A22B}.Debug|Default.Build.0 = Debug
		{E856FB03-A239-45C2-95AF-FD521E15A22B}.Release|Default.ActiveCfg = Release
		{E856FB03-A239-45C2-95AF-FD521E15A22B}.Release|Default.Build.0 = Release
	EndGlobalSection
	GlobalSection(SolutionProperties) = preSolution
		HideSolutionNode = FALSE
	EndGlobalSection
EndGlobal
